// !$*UTF8*$!
{
	archiveVersion = 1;
	classes = {
	};
	objectVersion = 56;
	objects = {

/* Begin PBXBuildFile section */
		507D23072A94B1B00093DF50 /* AppDelegate.swift in Sources */ = {isa = PBXBuildFile; fileRef = 507D23062A94B1B00093DF50 /* AppDelegate.swift */; };
		507D23092A94B1B00093DF50 /* SceneDelegate.swift in Sources */ = {isa = PBXBuildFile; fileRef = 507D23082A94B1B00093DF50 /* SceneDelegate.swift */; };
		507D230B2A94B1B00093DF50 /* ViewController.swift in Sources */ = {isa = PBXBuildFile; fileRef = 507D230A2A94B1B00093DF50 /* ViewController.swift */; };
		507D230E2A94B1B00093DF50 /* Main.storyboard in Resources */ = {isa = PBXBuildFile; fileRef = 507D230C2A94B1B00093DF50 /* Main.storyboard */; };
		507D23102A94B1B20093DF50 /* Assets.xcassets in Resources */ = {isa = PBXBuildFile; fileRef = 507D230F2A94B1B20093DF50 /* Assets.xcassets */; };
		507D23132A94B1B20093DF50 /* LaunchScreen.storyboard in Resources */ = {isa = PBXBuildFile; fileRef = 507D23112A94B1B20093DF50 /* LaunchScreen.storyboard */; };
		A93924A22AAC21B6005614B9 /* AddSentenceViewController.swift in Sources */ = {isa = PBXBuildFile; fileRef = A93924A12AAC21B6005614B9 /* AddSentenceViewController.swift */; };
		A93924A62AAC4E92005614B9 /* TranslateByOpenAI.swift in Sources */ = {isa = PBXBuildFile; fileRef = A93924A52AAC4E92005614B9 /* TranslateByOpenAI.swift */; };
		A93924AA2AAE3D9D005614B9 /* CreateAccountViewController.swift in Sources */ = {isa = PBXBuildFile; fileRef = A93924A92AAE3D9C005614B9 /* CreateAccountViewController.swift */; };
		A93924AC2AB30BAC005614B9 /* SentencesDB.swift in Sources */ = {isa = PBXBuildFile; fileRef = A93924AB2AB30BAC005614B9 /* SentencesDB.swift */; };
		A93924AE2AB3198E005614B9 /* config.plist in Resources */ = {isa = PBXBuildFile; fileRef = A93924AD2AB3198E005614B9 /* config.plist */; };
		A93924B02AB31B6B005614B9 /* SentenceViewController.swift in Sources */ = {isa = PBXBuildFile; fileRef = A93924AF2AB31B6B005614B9 /* SentenceViewController.swift */; };
		A93924B22AB35966005614B9 /* UseridDB.swift in Sources */ = {isa = PBXBuildFile; fileRef = A93924B12AB35966005614B9 /* UseridDB.swift */; };
		A93924B42AB3889B005614B9 /* TabBarController.swift in Sources */ = {isa = PBXBuildFile; fileRef = A93924B32AB3889B005614B9 /* TabBarController.swift */; };
		A93924B62AB43B76005614B9 /* HomeViewController.swift in Sources */ = {isa = PBXBuildFile; fileRef = A93924B52AB43B76005614B9 /* HomeViewController.swift */; };
		A95309672AB6E1B600340AD1 /* DetailSentenceViewController.swift in Sources */ = {isa = PBXBuildFile; fileRef = A95309662AB6E1B500340AD1 /* DetailSentenceViewController.swift */; };
		A9D15DE92AC72DCC0016C25D /* CertificationViewController.swift in Sources */ = {isa = PBXBuildFile; fileRef = A9D15DE82AC72DCC0016C25D /* CertificationViewController.swift */; };
/* End PBXBuildFile section */

/* Begin PBXFileReference section */
		501A721B2A94B60400EC8605 /* README.md */ = {isa = PBXFileReference; lastKnownFileType = net.daringfireball.markdown; path = README.md; sourceTree = "<group>"; };
		507D23032A94B1B00093DF50 /* Noname.app */ = {isa = PBXFileReference; explicitFileType = wrapper.application; includeInIndex = 0; path = Noname.app; sourceTree = BUILT_PRODUCTS_DIR; };
		507D23062A94B1B00093DF50 /* AppDelegate.swift */ = {isa = PBXFileReference; lastKnownFileType = sourcecode.swift; path = AppDelegate.swift; sourceTree = "<group>"; };
		507D23082A94B1B00093DF50 /* SceneDelegate.swift */ = {isa = PBXFileReference; lastKnownFileType = sourcecode.swift; path = SceneDelegate.swift; sourceTree = "<group>"; };
		507D230A2A94B1B00093DF50 /* ViewController.swift */ = {isa = PBXFileReference; lastKnownFileType = sourcecode.swift; path = ViewController.swift; sourceTree = "<group>"; };
		507D230D2A94B1B00093DF50 /* Base */ = {isa = PBXFileReference; lastKnownFileType = file.storyboard; name = Base; path = Base.lproj/Main.storyboard; sourceTree = "<group>"; };
		507D230F2A94B1B20093DF50 /* Assets.xcassets */ = {isa = PBXFileReference; lastKnownFileType = folder.assetcatalog; path = Assets.xcassets; sourceTree = "<group>"; };
		507D23122A94B1B20093DF50 /* Base */ = {isa = PBXFileReference; lastKnownFileType = file.storyboard; name = Base; path = Base.lproj/LaunchScreen.storyboard; sourceTree = "<group>"; };
		507D23142A94B1B20093DF50 /* Info.plist */ = {isa = PBXFileReference; lastKnownFileType = text.plist.xml; path = Info.plist; sourceTree = "<group>"; };
		A93924A12AAC21B6005614B9 /* AddSentenceViewController.swift */ = {isa = PBXFileReference; lastKnownFileType = sourcecode.swift; path = AddSentenceViewController.swift; sourceTree = SOURCE_ROOT; };
		A93924A52AAC4E92005614B9 /* TranslateByOpenAI.swift */ = {isa = PBXFileReference; lastKnownFileType = sourcecode.swift; path = TranslateByOpenAI.swift; sourceTree = SOURCE_ROOT; };
		A93924A92AAE3D9C005614B9 /* CreateAccountViewController.swift */ = {isa = PBXFileReference; lastKnownFileType = sourcecode.swift; path = CreateAccountViewController.swift; sourceTree = "<group>"; };
		A93924AB2AB30BAC005614B9 /* SentencesDB.swift */ = {isa = PBXFileReference; lastKnownFileType = sourcecode.swift; path = SentencesDB.swift; sourceTree = SOURCE_ROOT; };
		A93924AD2AB3198E005614B9 /* config.plist */ = {isa = PBXFileReference; lastKnownFileType = text.plist; path = config.plist; sourceTree = SOURCE_ROOT; };
		A93924AF2AB31B6B005614B9 /* SentenceViewController.swift */ = {isa = PBXFileReference; lastKnownFileType = sourcecode.swift; path = SentenceViewController.swift; sourceTree = SOURCE_ROOT; };
		A93924B12AB35966005614B9 /* UseridDB.swift */ = {isa = PBXFileReference; lastKnownFileType = sourcecode.swift; path = UseridDB.swift; sourceTree = SOURCE_ROOT; };
		A93924B32AB3889B005614B9 /* TabBarController.swift */ = {isa = PBXFileReference; lastKnownFileType = sourcecode.swift; path = TabBarController.swift; sourceTree = SOURCE_ROOT; };
		A93924B52AB43B76005614B9 /* HomeViewController.swift */ = {isa = PBXFileReference; lastKnownFileType = sourcecode.swift; path = HomeViewController.swift; sourceTree = SOURCE_ROOT; };
		A95309662AB6E1B500340AD1 /* DetailSentenceViewController.swift */ = {isa = PBXFileReference; lastKnownFileType = sourcecode.swift; path = DetailSentenceViewController.swift; sourceTree = SOURCE_ROOT; };
		A9D15DE82AC72DCC0016C25D /* CertificationViewController.swift */ = {isa = PBXFileReference; lastKnownFileType = sourcecode.swift; path = CertificationViewController.swift; sourceTree = SOURCE_ROOT; };
/* End PBXFileReference section */

/* Begin PBXFrameworksBuildPhase section */
		507D23002A94B1B00093DF50 /* Frameworks */ = {
			isa = PBXFrameworksBuildPhase;
			buildActionMask = 2147483647;
			files = (
			);
			runOnlyForDeploymentPostprocessing = 0;
		};
/* End PBXFrameworksBuildPhase section */

/* Begin PBXGroup section */
		507D22FA2A94B1B00093DF50 = {
			isa = PBXGroup;
			children = (
				507D23052A94B1B00093DF50 /* Noname */,
				507D23042A94B1B00093DF50 /* Products */,
			);
			sourceTree = "<group>";
		};
		507D23042A94B1B00093DF50 /* Products */ = {
			isa = PBXGroup;
			children = (
				507D23032A94B1B00093DF50 /* Noname.app */,
			);
			name = Products;
			sourceTree = "<group>";
		};
		507D23052A94B1B00093DF50 /* Noname */ = {
			isa = PBXGroup;
			children = (
				A9D15DE82AC72DCC0016C25D /* CertificationViewController.swift */,
				A95309662AB6E1B500340AD1 /* DetailSentenceViewController.swift */,
				A93924B52AB43B76005614B9 /* HomeViewController.swift */,
				A93924B32AB3889B005614B9 /* TabBarController.swift */,
				A93924B12AB35966005614B9 /* UseridDB.swift */,
				A93924AF2AB31B6B005614B9 /* SentenceViewController.swift */,
				A93924AD2AB3198E005614B9 /* config.plist */,
				A93924AB2AB30BAC005614B9 /* SentencesDB.swift */,
				A93924A92AAE3D9C005614B9 /* CreateAccountViewController.swift */,
				A93924A52AAC4E92005614B9 /* TranslateByOpenAI.swift */,
				A93924A12AAC21B6005614B9 /* AddSentenceViewController.swift */,
				507D23062A94B1B00093DF50 /* AppDelegate.swift */,
				507D23082A94B1B00093DF50 /* SceneDelegate.swift */,
				507D230A2A94B1B00093DF50 /* ViewController.swift */,
				507D230C2A94B1B00093DF50 /* Main.storyboard */,
				507D230F2A94B1B20093DF50 /* Assets.xcassets */,
				507D23112A94B1B20093DF50 /* LaunchScreen.storyboard */,
				507D23142A94B1B20093DF50 /* Info.plist */,
				501A721B2A94B60400EC8605 /* README.md */,
			);
			path = Noname;
			sourceTree = "<group>";
		};
/* End PBXGroup section */

/* Begin PBXNativeTarget section */
		507D23022A94B1B00093DF50 /* Noname */ = {
			isa = PBXNativeTarget;
			buildConfigurationList = 507D23172A94B1B20093DF50 /* Build configuration list for PBXNativeTarget "Noname" */;
			buildPhases = (
				507D22FF2A94B1B00093DF50 /* Sources */,
				507D23002A94B1B00093DF50 /* Frameworks */,
				507D23012A94B1B00093DF50 /* Resources */,
			);
			buildRules = (
			);
			dependencies = (
			);
			name = Noname;
			productName = Noname;
			productReference = 507D23032A94B1B00093DF50 /* Noname.app */;
			productType = "com.apple.product-type.application";
		};
/* End PBXNativeTarget section */

/* Begin PBXProject section */
		507D22FB2A94B1B00093DF50 /* Project object */ = {
			isa = PBXProject;
			attributes = {
				BuildIndependentTargetsInParallel = 1;
				LastSwiftUpdateCheck = 1430;
				LastUpgradeCheck = 1430;
				TargetAttributes = {
					507D23022A94B1B00093DF50 = {
						CreatedOnToolsVersion = 14.3.1;
					};
				};
			};
			buildConfigurationList = 507D22FE2A94B1B00093DF50 /* Build configuration list for PBXProject "Noname" */;
			compatibilityVersion = "Xcode 14.0";
			developmentRegion = en;
			hasScannedForEncodings = 0;
			knownRegions = (
				en,
				Base,
			);
			mainGroup = 507D22FA2A94B1B00093DF50;
			productRefGroup = 507D23042A94B1B00093DF50 /* Products */;
			projectDirPath = "";
			projectRoot = "";
			targets = (
				507D23022A94B1B00093DF50 /* Noname */,
			);
		};
/* End PBXProject section */

/* Begin PBXResourcesBuildPhase section */
		507D23012A94B1B00093DF50 /* Resources */ = {
			isa = PBXResourcesBuildPhase;
			buildActionMask = 2147483647;
			files = (
				A93924AE2AB3198E005614B9 /* config.plist in Resources */,
				507D23132A94B1B20093DF50 /* LaunchScreen.storyboard in Resources */,
				507D23102A94B1B20093DF50 /* Assets.xcassets in Resources */,
				507D230E2A94B1B00093DF50 /* Main.storyboard in Resources */,
			);
			runOnlyForDeploymentPostprocessing = 0;
		};
/* End PBXResourcesBuildPhase section */

/* Begin PBXSourcesBuildPhase section */
		507D22FF2A94B1B00093DF50 /* Sources */ = {
			isa = PBXSourcesBuildPhase;
			buildActionMask = 2147483647;
			files = (
				A95309672AB6E1B600340AD1 /* DetailSentenceViewController.swift in Sources */,
				A93924AA2AAE3D9D005614B9 /* CreateAccountViewController.swift in Sources */,
				507D230B2A94B1B00093DF50 /* ViewController.swift in Sources */,
				A93924A62AAC4E92005614B9 /* TranslateByOpenAI.swift in Sources */,
				A93924B42AB3889B005614B9 /* TabBarController.swift in Sources */,
				A93924B02AB31B6B005614B9 /* SentenceViewController.swift in Sources */,
				A9D15DE92AC72DCC0016C25D /* CertificationViewController.swift in Sources */,
				507D23072A94B1B00093DF50 /* AppDelegate.swift in Sources */,
				507D23092A94B1B00093DF50 /* SceneDelegate.swift in Sources */,
				A93924B62AB43B76005614B9 /* HomeViewController.swift in Sources */,
				A93924AC2AB30BAC005614B9 /* SentencesDB.swift in Sources */,
				A93924A22AAC21B6005614B9 /* AddSentenceViewController.swift in Sources */,
				A93924B22AB35966005614B9 /* UseridDB.swift in Sources */,
			);
			runOnlyForDeploymentPostprocessing = 0;
		};
/* End PBXSourcesBuildPhase section */

/* Begin PBXVariantGroup section */
		507D230C2A94B1B00093DF50 /* Main.storyboard */ = {
			isa = PBXVariantGroup;
			children = (
				507D230D2A94B1B00093DF50 /* Base */,
			);
			name = Main.storyboard;
			sourceTree = "<group>";
		};
		507D23112A94B1B20093DF50 /* LaunchScreen.storyboard */ = {
			isa = PBXVariantGroup;
			children = (
				507D23122A94B1B20093DF50 /* Base */,
			);
			name = LaunchScreen.storyboard;
			sourceTree = "<group>";
		};
/* End PBXVariantGroup section */

/* Begin XCBuildConfiguration section */
		507D23152A94B1B20093DF50 /* Debug */ = {
			isa = XCBuildConfiguration;
			buildSettings = {
				ALWAYS_SEARCH_USER_PATHS = NO;
				CLANG_ANALYZER_NONNULL = YES;
				CLANG_ANALYZER_NUMBER_OBJECT_CONVERSION = YES_AGGRESSIVE;
				CLANG_CXX_LANGUAGE_STANDARD = "gnu++20";
				CLANG_ENABLE_MODULES = YES;
				CLANG_ENABLE_OBJC_ARC = YES;
				CLANG_ENABLE_OBJC_WEAK = YES;
				CLANG_WARN_BLOCK_CAPTURE_AUTORELEASING = YES;
				CLANG_WARN_BOOL_CONVERSION = YES;
				CLANG_WARN_COMMA = YES;
				CLANG_WARN_CONSTANT_CONVERSION = YES;
				CLANG_WARN_DEPRECATED_OBJC_IMPLEMENTATIONS = YES;
				CLANG_WARN_DIRECT_OBJC_ISA_USAGE = YES_ERROR;
				CLANG_WARN_DOCUMENTATION_COMMENTS = YES;
				CLANG_WARN_EMPTY_BODY = YES;
				CLANG_WARN_ENUM_CONVERSION = YES;
				CLANG_WARN_INFINITE_RECURSION = YES;
				CLANG_WARN_INT_CONVERSION = YES;
				CLANG_WARN_NON_LITERAL_NULL_CONVERSION = YES;
				CLANG_WARN_OBJC_IMPLICIT_RETAIN_SELF = YES;
				CLANG_WARN_OBJC_LITERAL_CONVERSION = YES;
				CLANG_WARN_OBJC_ROOT_CLASS = YES_ERROR;
				CLANG_WARN_QUOTED_INCLUDE_IN_FRAMEWORK_HEADER = YES;
				CLANG_WARN_RANGE_LOOP_ANALYSIS = YES;
				CLANG_WARN_STRICT_PROTOTYPES = YES;
				CLANG_WARN_SUSPICIOUS_MOVE = YES;
				CLANG_WARN_UNGUARDED_AVAILABILITY = YES_AGGRESSIVE;
				CLANG_WARN_UNREACHABLE_CODE = YES;
				CLANG_WARN__DUPLICATE_METHOD_MATCH = YES;
				COPY_PHASE_STRIP = NO;
				DEBUG_INFORMATION_FORMAT = dwarf;
				ENABLE_STRICT_OBJC_MSGSEND = YES;
				ENABLE_TESTABILITY = YES;
				GCC_C_LANGUAGE_STANDARD = gnu11;
				GCC_DYNAMIC_NO_PIC = NO;
				GCC_NO_COMMON_BLOCKS = YES;
				GCC_OPTIMIZATION_LEVEL = 0;
				GCC_PREPROCESSOR_DEFINITIONS = (
					"DEBUG=1",
					"$(inherited)",
				);
				GCC_WARN_64_TO_32_BIT_CONVERSION = YES;
				GCC_WARN_ABOUT_RETURN_TYPE = YES_ERROR;
				GCC_WARN_UNDECLARED_SELECTOR = YES;
				GCC_WARN_UNINITIALIZED_AUTOS = YES_AGGRESSIVE;
				GCC_WARN_UNUSED_FUNCTION = YES;
				GCC_WARN_UNUSED_VARIABLE = YES;
				IPHONEOS_DEPLOYMENT_TARGET = 16.4;
				MTL_ENABLE_DEBUG_INFO = INCLUDE_SOURCE;
				MTL_FAST_MATH = YES;
				ONLY_ACTIVE_ARCH = YES;
				SDKROOT = iphoneos;
				SWIFT_ACTIVE_COMPILATION_CONDITIONS = DEBUG;
				SWIFT_OPTIMIZATION_LEVEL = "-Onone";
			};
			name = Debug;
		};
		507D23162A94B1B20093DF50 /* Release */ = {
			isa = XCBuildConfiguration;
			buildSettings = {
				ALWAYS_SEARCH_USER_PATHS = NO;
				CLANG_ANALYZER_NONNULL = YES;
				CLANG_ANALYZER_NUMBER_OBJECT_CONVERSION = YES_AGGRESSIVE;
				CLANG_CXX_LANGUAGE_STANDARD = "gnu++20";
				CLANG_ENABLE_MODULES = YES;
				CLANG_ENABLE_OBJC_ARC = YES;
				CLANG_ENABLE_OBJC_WEAK = YES;
				CLANG_WARN_BLOCK_CAPTURE_AUTORELEASING = YES;
				CLANG_WARN_BOOL_CONVERSION = YES;
				CLANG_WARN_COMMA = YES;
				CLANG_WARN_CONSTANT_CONVERSION = YES;
				CLANG_WARN_DEPRECATED_OBJC_IMPLEMENTATIONS = YES;
				CLANG_WARN_DIRECT_OBJC_ISA_USAGE = YES_ERROR;
				CLANG_WARN_DOCUMENTATION_COMMENTS = YES;
				CLANG_WARN_EMPTY_BODY = YES;
				CLANG_WARN_ENUM_CONVERSION = YES;
				CLANG_WARN_INFINITE_RECURSION = YES;
				CLANG_WARN_INT_CONVERSION = YES;
				CLANG_WARN_NON_LITERAL_NULL_CONVERSION = YES;
				CLANG_WARN_OBJC_IMPLICIT_RETAIN_SELF = YES;
				CLANG_WARN_OBJC_LITERAL_CONVERSION = YES;
				CLANG_WARN_OBJC_ROOT_CLASS = YES_ERROR;
				CLANG_WARN_QUOTED_INCLUDE_IN_FRAMEWORK_HEADER = YES;
				CLANG_WARN_RANGE_LOOP_ANALYSIS = YES;
				CLANG_WARN_STRICT_PROTOTYPES = YES;
				CLANG_WARN_SUSPICIOUS_MOVE = YES;
				CLANG_WARN_UNGUARDED_AVAILABILITY = YES_AGGRESSIVE;
				CLANG_WARN_UNREACHABLE_CODE = YES;
				CLANG_WARN__DUPLICATE_METHOD_MATCH = YES;
				COPY_PHASE_STRIP = NO;
				DEBUG_INFORMATION_FORMAT = "dwarf-with-dsym";
				ENABLE_NS_ASSERTIONS = NO;
				ENABLE_STRICT_OBJC_MSGSEND = YES;
				GCC_C_LANGUAGE_STANDARD = gnu11;
				GCC_NO_COMMON_BLOCKS = YES;
				GCC_WARN_64_TO_32_BIT_CONVERSION = YES;
				GCC_WARN_ABOUT_RETURN_TYPE = YES_ERROR;
				GCC_WARN_UNDECLARED_SELECTOR = YES;
				GCC_WARN_UNINITIALIZED_AUTOS = YES_AGGRESSIVE;
				GCC_WARN_UNUSED_FUNCTION = YES;
				GCC_WARN_UNUSED_VARIABLE = YES;
				IPHONEOS_DEPLOYMENT_TARGET = 16.4;
				MTL_ENABLE_DEBUG_INFO = NO;
				MTL_FAST_MATH = YES;
				SDKROOT = iphoneos;
				SWIFT_COMPILATION_MODE = wholemodule;
				SWIFT_OPTIMIZATION_LEVEL = "-O";
				VALIDATE_PRODUCT = YES;
			};
			name = Release;
		};
		507D23182A94B1B20093DF50 /* Debug */ = {
			isa = XCBuildConfiguration;
			buildSettings = {
				ASSETCATALOG_COMPILER_APPICON_NAME = AppIcon;
				ASSETCATALOG_COMPILER_GLOBAL_ACCENT_COLOR_NAME = AccentColor;
				CODE_SIGN_STYLE = Automatic;
				CURRENT_PROJECT_VERSION = 1;
				DEVELOPMENT_TEAM = FR5AJYC8NZ;
				GENERATE_INFOPLIST_FILE = YES;
				INFOPLIST_FILE = Noname/Info.plist;
				INFOPLIST_KEY_UIApplicationSupportsIndirectInputEvents = YES;
				INFOPLIST_KEY_UILaunchStoryboardName = LaunchScreen;
				INFOPLIST_KEY_UIMainStoryboardFile = Main;
				INFOPLIST_KEY_UISupportedInterfaceOrientations_iPad = "UIInterfaceOrientationPortrait UIInterfaceOrientationPortraitUpsideDown UIInterfaceOrientationLandscapeLeft UIInterfaceOrientationLandscapeRight";
				INFOPLIST_KEY_UISupportedInterfaceOrientations_iPhone = "UIInterfaceOrientationPortrait UIInterfaceOrientationLandscapeLeft UIInterfaceOrientationLandscapeRight";
				LD_RUNPATH_SEARCH_PATHS = (
					"$(inherited)",
					"@executable_path/Frameworks",
				);
				MARKETING_VERSION = 1.0;
				PRODUCT_BUNDLE_IDENTIFIER = "Taito-Kikuchi.Noname";
				PRODUCT_NAME = "$(TARGET_NAME)";
				SWIFT_EMIT_LOC_STRINGS = YES;
				SWIFT_VERSION = 5.0;
				TARGETED_DEVICE_FAMILY = "1,2";
			};
			name = Debug;
		};
		507D23192A94B1B20093DF50 /* Release */ = {
			isa = XCBuildConfiguration;
			buildSettings = {
				ASSETCATALOG_COMPILER_APPICON_NAME = AppIcon;
				ASSETCATALOG_COMPILER_GLOBAL_ACCENT_COLOR_NAME = AccentColor;
				CODE_SIGN_STYLE = Automatic;
				CURRENT_PROJECT_VERSION = 1;
				DEVELOPMENT_TEAM = FR5AJYC8NZ;
				GENERATE_INFOPLIST_FILE = YES;
				INFOPLIST_FILE = Noname/Info.plist;
				INFOPLIST_KEY_UIApplicationSupportsIndirectInputEvents = YES;
				INFOPLIST_KEY_UILaunchStoryboardName = LaunchScreen;
				INFOPLIST_KEY_UIMainStoryboardFile = Main;
				INFOPLIST_KEY_UISupportedInterfaceOrientations_iPad = "UIInterfaceOrientationPortrait UIInterfaceOrientationPortraitUpsideDown UIInterfaceOrientationLandscapeLeft UIInterfaceOrientationLandscapeRight";
				INFOPLIST_KEY_UISupportedInterfaceOrientations_iPhone = "UIInterfaceOrientationPortrait UIInterfaceOrientationLandscapeLeft UIInterfaceOrientationLandscapeRight";
				LD_RUNPATH_SEARCH_PATHS = (
					"$(inherited)",
					"@executable_path/Frameworks",
				);
				MARKETING_VERSION = 1.0;
				PRODUCT_BUNDLE_IDENTIFIER = "Taito-Kikuchi.Noname";
				PRODUCT_NAME = "$(TARGET_NAME)";
				SWIFT_EMIT_LOC_STRINGS = YES;
				SWIFT_VERSION = 5.0;
				TARGETED_DEVICE_FAMILY = "1,2";
			};
			name = Release;
		};
/* End XCBuildConfiguration section */

/* Begin XCConfigurationList section */
		507D22FE2A94B1B00093DF50 /* Build configuration list for PBXProject "Noname" */ = {
			isa = XCConfigurationList;
			buildConfigurations = (
				507D23152A94B1B20093DF50 /* Debug */,
				507D23162A94B1B20093DF50 /* Release */,
			);
			defaultConfigurationIsVisible = 0;
			defaultConfigurationName = Release;
		};
		507D23172A94B1B20093DF50 /* Build configuration list for PBXNativeTarget "Noname" */ = {
			isa = XCConfigurationList;
			buildConfigurations = (
				507D23182A94B1B20093DF50 /* Debug */,
				507D23192A94B1B20093DF50 /* Release */,
			);
			defaultConfigurationIsVisible = 0;
			defaultConfigurationName = Release;
		};
/* End XCConfigurationList section */
	};
	rootObject = 507D22FB2A94B1B00093DF50 /* Project object */;
}
